{
  "name": "03-platforms-node",
  "version": "1.0.0",
  "lockfileVersion": 3,
  "requires": true,
  "packages": {
    "": {
      "name": "03-platforms-node",
      "version": "1.0.0",
      "license": "ISC",
      "dependencies": {
        "@sergeygurylev/03-platforms": "^1.0.0"
      }
    },
    "node_modules/@sergeygurylev/03-platforms": {
      "version": "1.0.0",
      "resolved": "https://npm.pkg.github.com/download/@sergeygurylev/03-platforms/1.0.0/92e7826999bde6c529ad5d35a5a6bcf01bcc20b8",
      "integrity": "sha512-PPCJy+gu3b2WcPGiH5FYtlyuqUL90S9A6/MPsJsu7oNh/4F6IJXFgiEoV/S7lfH6YHp/oSWHe+rldhU+zRfBBw==",
      "license": "ISC"
    }
  }
}
